
Microsoft Visual Studio Solution File, Format Version 12.00
# Visual Studio Version 16
VisualStudioVersion = 16.0.30804.86
MinimumVisualStudioVersion = 10.0.40219.1
Project("{FAE04EC0-301F-11D3-BF4B-00C04F79EFBC}") = "TestNetCoreApi", "TestNetCoreApi\TestNetCoreApi.csproj", "{DFF33199-62E6-4C82-BE8F-BA2F03AD808B}"
EndProject
Global
	GlobalSection(SolutionConfigurationPlatforms) = preSolution
		Debug|Any CPU = Debug|Any CPU
		Release|Any CPU = Release|Any CPU
	EndGlobalSection
	GlobalSection(ProjectConfigurationPlatforms) = postSolution
		{DFF33199-62E6-4C82-BE8F-BA2F03AD808B}.Debug|Any CPU.ActiveCfg = Debug|Any CPU
		{DFF33199-62E6-4C82-BE8F-BA2F03AD808B}.Debug|Any CPU.Build.0 = Debug|Any CPU
		{DFF33199-62E6-4C82-BE8F-BA2F03AD808B}.Release|Any CPU.ActiveCfg = Release|Any CPU
		{DFF33199-62E6-4C82-BE8F-BA2F03AD808B}.Release|Any CPU.Build.0 = Release|Any CPU
	EndGlobalSection
	GlobalSection(SolutionProperties) = preSolution
		HideSolutionNode = FALSE
	EndGlobalSection
	GlobalSection(ExtensibilityGlobals) = postSolution
		SolutionGuid = {FEF9FBFA-0EA3-4BC3-B2FA-1A572A385E32}
	EndGlobalSection
EndGlobal
